
Microsoft Visual Studio Solution File, Format Version 12.00
# Visual Studio 2012
Project("{2150E333-8FDC-42A3-9474-1A3956D46DE8}") = "9. Tests", "9. Tests", "{22F2B4BF-1911-49F3-B95D-5DDF9085EB65}"
EndProject
Project("{2150E333-8FDC-42A3-9474-1A3956D46DE8}") = "0. Main", "0. Main", "{AA48A0DF-8F6C-41E5-A5CC-BC502C8D0FF5}"
EndProject
Project("{2150E333-8FDC-42A3-9474-1A3956D46DE8}") = "5. Web", "5. Web", "{B41A61AA-9F9B-4A22-A6CD-9689F1C84ACB}"
EndProject
Project("{2150E333-8FDC-42A3-9474-1A3956D46DE8}") = "Solution Items", "Solution Items", "{BB3183C8-6600-473C-8B8B-E158C15B1CDC}"
	ProjectSection(SolutionItems) = preProject
		..\Build.bat = ..\Build.bat
		..\Gemfile = ..\Gemfile
		..\Rakefile = ..\Rakefile
		..\README.md = ..\README.md
	EndProjectSection
EndProject
Project("{FAE04EC0-301F-11D3-BF4B-00C04F79EFBC}") = "HotGlue.Core", "HotGlue.Core\HotGlue.Core.csproj", "{D7F9CBE9-6B0E-4304-99A6-4BABD4CA9C99}"
EndProject
Project("{FAE04EC0-301F-11D3-BF4B-00C04F79EFBC}") = "HotGlue.Web", "HotGlue.Web\HotGlue.Web.csproj", "{51E7E82B-809E-4822-A938-F0249F7B4E0D}"
EndProject
Project("{FAE04EC0-301F-11D3-BF4B-00C04F79EFBC}") = "HotGlue.Tests", "HotGlue.Tests\HotGlue.Tests.csproj", "{FDEA7E3D-818B-43B5-88EF-3048AAA54269}"
EndProject
Project("{FAE04EC0-301F-11D3-BF4B-00C04F79EFBC}") = "HotGlue.Demos.ASP.NET", "HotGlue.Demos.ASP.NET\HotGlue.Demos.ASP.NET.csproj", "{810ECA9C-A320-48C2-9322-7808D607A566}"
EndProject
Project("{2150E333-8FDC-42A3-9474-1A3956D46DE8}") = "3. Templates", "3. Templates", "{751E87C5-0FF0-48F3-9B5B-5688718F5A8D}"
EndProject
Project("{FAE04EC0-301F-11D3-BF4B-00C04F79EFBC}") = "HotGlue.Compiler.CoffeeScript", "HotGlue.Compiler.CoffeeScript\HotGlue.Compiler.CoffeeScript.csproj", "{52657CBD-A839-4585-85E0-CB0706282757}"
EndProject
Project("{FAE04EC0-301F-11D3-BF4B-00C04F79EFBC}") = "HotGlue.Compressor.YUI", "HotGlue.Compressor.YUI\HotGlue.Compressor.YUI.csproj", "{805B213B-EFCF-4317-9EEF-7CAC0BAE9F40}"
EndProject
Project("{FAE04EC0-301F-11D3-BF4B-00C04F79EFBC}") = "HotGlue.Compressor.Uglify", "HotGlue.Compressor.Uglify\HotGlue.Compressor.Uglify.csproj", "{A500E0BD-D70B-4AEA-B3D9-67DB25F4F899}"
EndProject
Project("{FAE04EC0-301F-11D3-BF4B-00C04F79EFBC}") = "HotGlue.Template.jQuery", "HotGlue.Template.jQuery\HotGlue.Template.jQuery.csproj", "{784A0A7E-4DF5-44C5-919E-B21C3A3966CA}"
EndProject
Project("{FAE04EC0-301F-11D3-BF4B-00C04F79EFBC}") = "HotGlue.Reference.LABjs", "HotGlue.Reference.LABjs\HotGlue.Reference.LABjs.csproj", "{5DA6DE08-2144-4F4B-9756-76DB98C05951}"
EndProject
Project("{FAE04EC0-301F-11D3-BF4B-00C04F79EFBC}") = "HotGlue", "HotGlue\HotGlue.csproj", "{D66E6030-2FA2-4845-9D9E-DAFB9C6BD115}"
EndProject
Project("{FAE04EC0-301F-11D3-BF4B-00C04F79EFBC}") = "HotGlue.Assembly.Basic.Tests", "HotGlue.Assembly.Basic.Tests\HotGlue.Assembly.Basic.Tests.csproj", "{D5AA1BD0-8E54-4E4C-8763-026D540761F5}"
EndProject
Project("{FAE04EC0-301F-11D3-BF4B-00C04F79EFBC}") = "HotGlue.Assembly.CoffeeScript.Tests", "HotGlue.Assembly.CoffeeScript.Tests\HotGlue.Assembly.CoffeeScript.Tests.csproj", "{FCAB09E5-7D97-4617-BDDB-B9C0CEE4075F}"
EndProject
Project("{FAE04EC0-301F-11D3-BF4B-00C04F79EFBC}") = "HotGlue.Template.Mustache", "HotGlue.Template.Mustache\HotGlue.Template.Mustache.csproj", "{9303FF9C-E607-49F3-B075-70D4CB09C12A}"
EndProject
Project("{2150E333-8FDC-42A3-9474-1A3956D46DE8}") = "8. Demos", "8. Demos", "{ADDA079A-71B5-4669-8C8A-921315EC781B}"
EndProject
Project("{FAE04EC0-301F-11D3-BF4B-00C04F79EFBC}") = "HotGlue.Demos.Templates.Mustache", "Demos\HotGlue.Demos.Templates.Mustache\HotGlue.Demos.Templates.Mustache.csproj", "{EFDB3AA4-99D7-4E00-8CD0-D757A072C254}"
EndProject
Project("{FAE04EC0-301F-11D3-BF4B-00C04F79EFBC}") = "HotGlue.Template.Handlebars", "HotGlue.Template.Handlebars\HotGlue.Template.Handlebars.csproj", "{852892F8-CAA2-42D7-8A24-78F3891B47BA}"
EndProject
Project("{FAE04EC0-301F-11D3-BF4B-00C04F79EFBC}") = "HotGlue.Demos.Templates.Handlebars", "HotGlue.Demos.Templates.Handlebars\HotGlue.Demos.Templates.Handlebars.csproj", "{7BCCF701-AA9C-4681-9179-A8E4DFD966D3}"
EndProject
Project("{FAE04EC0-301F-11D3-BF4B-00C04F79EFBC}") = "HotGlue.Compiler.TypeScript", "HotGlue.Compiler.Typescript\HotGlue.Compiler.TypeScript.csproj", "{05B0472A-8102-4C5C-AD10-3857987E2122}"
EndProject
Project("{FAE04EC0-301F-11D3-BF4B-00C04F79EFBC}") = "HotGlue.Demos.Compilers.TypeScript", "HotGlue.Demos.Compilers.TypeScript\HotGlue.Demos.Compilers.TypeScript.csproj", "{9786A307-C2BC-4E9D-B955-9D6949BCB6A7}"
EndProject
Project("{FAE04EC0-301F-11D3-BF4B-00C04F79EFBC}") = "HotGlue.Demos.Templates", "HotGlue.Demos.Templates\HotGlue.Demos.Templates.csproj", "{E6177099-19C0-4694-819F-322D013D73E2}"
EndProject
Project("{FAE04EC0-301F-11D3-BF4B-00C04F79EFBC}") = "HotGlue.Template.Dust", "HotGlue.Template.Dust\HotGlue.Template.Dust.csproj", "{A7956BDD-99E5-4E19-9626-0203544434D1}"
EndProject
Project("{FAE04EC0-301F-11D3-BF4B-00C04F79EFBC}") = "HotGlue.Template.Underscore", "HotGlue.Template.Underscore\HotGlue.Template.Underscore.csproj", "{B00DBC21-FA37-4B75-BF07-713B378D0866}"
EndProject
Project("{2150E333-8FDC-42A3-9474-1A3956D46DE8}") = "1. Compilers", "1. Compilers", "{0514CD71-10E0-4E42-8F84-C764E7D588E9}"
EndProject
Project("{2150E333-8FDC-42A3-9474-1A3956D46DE8}") = "2. Compressors", "2. Compressors", "{C868B843-103B-4626-8F51-F2DF24B058E7}"
EndProject
Project("{2150E333-8FDC-42A3-9474-1A3956D46DE8}") = "4. GenerateReferences", "4. GenerateReferences", "{29B5540A-C3D1-4639-A26E-C3CD2FC20659}"
EndProject
Project("{FAE04EC0-301F-11D3-BF4B-00C04F79EFBC}") = "HotGlue.Template.EJS", "HotGlue.Template.EJS\HotGlue.Template.EJS.csproj", "{FD132C78-2EE9-44DE-966F-519CC8AB40A5}"
EndProject
Project("{FAE04EC0-301F-11D3-BF4B-00C04F79EFBC}") = "HotGlue.Template.NANO", "HotGlue.Template.NANO\HotGlue.Template.NANO.csproj", "{62B5655F-6E9A-4888-9FC6-22BE695BB5FF}"
EndProject
Global
	GlobalSection(SolutionConfigurationPlatforms) = preSolution
		Debug|Any CPU = Debug|Any CPU
		Debug|Mixed Platforms = Debug|Mixed Platforms
		Debug|x86 = Debug|x86
		Release|Any CPU = Release|Any CPU
		Release|Mixed Platforms = Release|Mixed Platforms
		Release|x86 = Release|x86
	EndGlobalSection
	GlobalSection(ProjectConfigurationPlatforms) = postSolution
		{D7F9CBE9-6B0E-4304-99A6-4BABD4CA9C99}.Debug|Any CPU.ActiveCfg = Debug|Any CPU
		{D7F9CBE9-6B0E-4304-99A6-4BABD4CA9C99}.Debug|Any CPU.Build.0 = Debug|Any CPU
		{D7F9CBE9-6B0E-4304-99A6-4BABD4CA9C99}.Debug|Mixed Platforms.ActiveCfg = Debug|Any CPU
		{D7F9CBE9-6B0E-4304-99A6-4BABD4CA9C99}.Debug|Mixed Platforms.Build.0 = Debug|Any CPU
		{D7F9CBE9-6B0E-4304-99A6-4BABD4CA9C99}.Debug|x86.ActiveCfg = Debug|Any CPU
		{D7F9CBE9-6B0E-4304-99A6-4BABD4CA9C99}.Release|Any CPU.ActiveCfg = Release|Any CPU
		{D7F9CBE9-6B0E-4304-99A6-4BABD4CA9C99}.Release|Any CPU.Build.0 = Release|Any CPU
		{D7F9CBE9-6B0E-4304-99A6-4BABD4CA9C99}.Release|Mixed Platforms.ActiveCfg = Release|Any CPU
		{D7F9CBE9-6B0E-4304-99A6-4BABD4CA9C99}.Release|Mixed Platforms.Build.0 = Release|Any CPU
		{D7F9CBE9-6B0E-4304-99A6-4BABD4CA9C99}.Release|x86.ActiveCfg = Release|Any CPU
		{51E7E82B-809E-4822-A938-F0249F7B4E0D}.Debug|Any CPU.ActiveCfg = Debug|Any CPU
		{51E7E82B-809E-4822-A938-F0249F7B4E0D}.Debug|Any CPU.Build.0 = Debug|Any CPU
		{51E7E82B-809E-4822-A938-F0249F7B4E0D}.Debug|Mixed Platforms.ActiveCfg = Debug|Any CPU
		{51E7E82B-809E-4822-A938-F0249F7B4E0D}.Debug|Mixed Platforms.Build.0 = Debug|Any CPU
		{51E7E82B-809E-4822-A938-F0249F7B4E0D}.Debug|x86.ActiveCfg = Debug|Any CPU
		{51E7E82B-809E-4822-A938-F0249F7B4E0D}.Release|Any CPU.ActiveCfg = Release|Any CPU
		{51E7E82B-809E-4822-A938-F0249F7B4E0D}.Release|Any CPU.Build.0 = Release|Any CPU
		{51E7E82B-809E-4822-A938-F0249F7B4E0D}.Release|Mixed Platforms.ActiveCfg = Release|Any CPU
		{51E7E82B-809E-4822-A938-F0249F7B4E0D}.Release|Mixed Platforms.Build.0 = Release|Any CPU
		{51E7E82B-809E-4822-A938-F0249F7B4E0D}.Release|x86.ActiveCfg = Release|Any CPU
		{FDEA7E3D-818B-43B5-88EF-3048AAA54269}.Debug|Any CPU.ActiveCfg = Debug|Any CPU
		{FDEA7E3D-818B-43B5-88EF-3048AAA54269}.Debug|Any CPU.Build.0 = Debug|Any CPU
		{FDEA7E3D-818B-43B5-88EF-3048AAA54269}.Debug|Mixed Platforms.ActiveCfg = Debug|Any CPU
		{FDEA7E3D-818B-43B5-88EF-3048AAA54269}.Debug|Mixed Platforms.Build.0 = Debug|Any CPU
		{FDEA7E3D-818B-43B5-88EF-3048AAA54269}.Debug|x86.ActiveCfg = Debug|Any CPU
		{FDEA7E3D-818B-43B5-88EF-3048AAA54269}.Release|Any CPU.ActiveCfg = Release|Any CPU
		{FDEA7E3D-818B-43B5-88EF-3048AAA54269}.Release|Any CPU.Build.0 = Release|Any CPU
		{FDEA7E3D-818B-43B5-88EF-3048AAA54269}.Release|Mixed Platforms.ActiveCfg = Release|Any CPU
		{FDEA7E3D-818B-43B5-88EF-3048AAA54269}.Release|Mixed Platforms.Build.0 = Release|Any CPU
		{FDEA7E3D-818B-43B5-88EF-3048AAA54269}.Release|x86.ActiveCfg = Release|Any CPU
		{810ECA9C-A320-48C2-9322-7808D607A566}.Debug|Any CPU.ActiveCfg = Debug|Any CPU
		{810ECA9C-A320-48C2-9322-7808D607A566}.Debug|Any CPU.Build.0 = Debug|Any CPU
		{810ECA9C-A320-48C2-9322-7808D607A566}.Debug|Mixed Platforms.ActiveCfg = Debug|Any CPU
		{810ECA9C-A320-48C2-9322-7808D607A566}.Debug|Mixed Platforms.Build.0 = Debug|Any CPU
		{810ECA9C-A320-48C2-9322-7808D607A566}.Debug|x86.ActiveCfg = Debug|Any CPU
		{810ECA9C-A320-48C2-9322-7808D607A566}.Release|Any CPU.ActiveCfg = Release|Any CPU
		{810ECA9C-A320-48C2-9322-7808D607A566}.Release|Any CPU.Build.0 = Release|Any CPU
		{810ECA9C-A320-48C2-9322-7808D607A566}.Release|Mixed Platforms.ActiveCfg = Release|Any CPU
		{810ECA9C-A320-48C2-9322-7808D607A566}.Release|Mixed Platforms.Build.0 = Release|Any CPU
		{810ECA9C-A320-48C2-9322-7808D607A566}.Release|x86.ActiveCfg = Release|Any CPU
		{52657CBD-A839-4585-85E0-CB0706282757}.Debug|Any CPU.ActiveCfg = Debug|Any CPU
		{52657CBD-A839-4585-85E0-CB0706282757}.Debug|Any CPU.Build.0 = Debug|Any CPU
		{52657CBD-A839-4585-85E0-CB0706282757}.Debug|Mixed Platforms.ActiveCfg = Debug|Any CPU
		{52657CBD-A839-4585-85E0-CB0706282757}.Debug|Mixed Platforms.Build.0 = Debug|Any CPU
		{52657CBD-A839-4585-85E0-CB0706282757}.Debug|x86.ActiveCfg = Debug|Any CPU
		{52657CBD-A839-4585-85E0-CB0706282757}.Release|Any CPU.ActiveCfg = Release|Any CPU
		{52657CBD-A839-4585-85E0-CB0706282757}.Release|Any CPU.Build.0 = Release|Any CPU
		{52657CBD-A839-4585-85E0-CB0706282757}.Release|Mixed Platforms.ActiveCfg = Release|Any CPU
		{52657CBD-A839-4585-85E0-CB0706282757}.Release|Mixed Platforms.Build.0 = Release|Any CPU
		{52657CBD-A839-4585-85E0-CB0706282757}.Release|x86.ActiveCfg = Release|Any CPU
		{805B213B-EFCF-4317-9EEF-7CAC0BAE9F40}.Debug|Any CPU.ActiveCfg = Debug|Any CPU
		{805B213B-EFCF-4317-9EEF-7CAC0BAE9F40}.Debug|Any CPU.Build.0 = Debug|Any CPU
		{805B213B-EFCF-4317-9EEF-7CAC0BAE9F40}.Debug|Mixed Platforms.ActiveCfg = Debug|Any CPU
		{805B213B-EFCF-4317-9EEF-7CAC0BAE9F40}.Debug|Mixed Platforms.Build.0 = Debug|Any CPU
		{805B213B-EFCF-4317-9EEF-7CAC0BAE9F40}.Debug|x86.ActiveCfg = Debug|Any CPU
		{805B213B-EFCF-4317-9EEF-7CAC0BAE9F40}.Release|Any CPU.ActiveCfg = Release|Any CPU
		{805B213B-EFCF-4317-9EEF-7CAC0BAE9F40}.Release|Any CPU.Build.0 = Release|Any CPU
		{805B213B-EFCF-4317-9EEF-7CAC0BAE9F40}.Release|Mixed Platforms.ActiveCfg = Release|Any CPU
		{805B213B-EFCF-4317-9EEF-7CAC0BAE9F40}.Release|Mixed Platforms.Build.0 = Release|Any CPU
		{805B213B-EFCF-4317-9EEF-7CAC0BAE9F40}.Release|x86.ActiveCfg = Release|Any CPU
		{A500E0BD-D70B-4AEA-B3D9-67DB25F4F899}.Debug|Any CPU.ActiveCfg = Debug|Any CPU
		{A500E0BD-D70B-4AEA-B3D9-67DB25F4F899}.Debug|Any CPU.Build.0 = Debug|Any CPU
		{A500E0BD-D70B-4AEA-B3D9-67DB25F4F899}.Debug|Mixed Platforms.ActiveCfg = Debug|Any CPU
		{A500E0BD-D70B-4AEA-B3D9-67DB25F4F899}.Debug|Mixed Platforms.Build.0 = Debug|Any CPU
		{A500E0BD-D70B-4AEA-B3D9-67DB25F4F899}.Debug|x86.ActiveCfg = Debug|Any CPU
		{A500E0BD-D70B-4AEA-B3D9-67DB25F4F899}.Release|Any CPU.ActiveCfg = Release|Any CPU
		{A500E0BD-D70B-4AEA-B3D9-67DB25F4F899}.Release|Any CPU.Build.0 = Release|Any CPU
		{A500E0BD-D70B-4AEA-B3D9-67DB25F4F899}.Release|Mixed Platforms.ActiveCfg = Release|Any CPU
		{A500E0BD-D70B-4AEA-B3D9-67DB25F4F899}.Release|Mixed Platforms.Build.0 = Release|Any CPU
		{A500E0BD-D70B-4AEA-B3D9-67DB25F4F899}.Release|x86.ActiveCfg = Release|Any CPU
		{784A0A7E-4DF5-44C5-919E-B21C3A3966CA}.Debug|Any CPU.ActiveCfg = Debug|Any CPU
		{784A0A7E-4DF5-44C5-919E-B21C3A3966CA}.Debug|Any CPU.Build.0 = Debug|Any CPU
		{784A0A7E-4DF5-44C5-919E-B21C3A3966CA}.Debug|Mixed Platforms.ActiveCfg = Debug|Any CPU
		{784A0A7E-4DF5-44C5-919E-B21C3A3966CA}.Debug|Mixed Platforms.Build.0 = Debug|Any CPU
		{784A0A7E-4DF5-44C5-919E-B21C3A3966CA}.Debug|x86.ActiveCfg = Debug|Any CPU
		{784A0A7E-4DF5-44C5-919E-B21C3A3966CA}.Release|Any CPU.ActiveCfg = Release|Any CPU
		{784A0A7E-4DF5-44C5-919E-B21C3A3966CA}.Release|Any CPU.Build.0 = Release|Any CPU
		{784A0A7E-4DF5-44C5-919E-B21C3A3966CA}.Release|Mixed Platforms.ActiveCfg = Release|Any CPU
		{784A0A7E-4DF5-44C5-919E-B21C3A3966CA}.Release|Mixed Platforms.Build.0 = Release|Any CPU
		{784A0A7E-4DF5-44C5-919E-B21C3A3966CA}.Release|x86.ActiveCfg = Release|Any CPU
		{5DA6DE08-2144-4F4B-9756-76DB98C05951}.Debug|Any CPU.ActiveCfg = Debug|Any CPU
		{5DA6DE08-2144-4F4B-9756-76DB98C05951}.Debug|Any CPU.Build.0 = Debug|Any CPU
		{5DA6DE08-2144-4F4B-9756-76DB98C05951}.Debug|Mixed Platforms.ActiveCfg = Debug|Any CPU
		{5DA6DE08-2144-4F4B-9756-76DB98C05951}.Debug|Mixed Platforms.Build.0 = Debug|Any CPU
		{5DA6DE08-2144-4F4B-9756-76DB98C05951}.Debug|x86.ActiveCfg = Debug|Any CPU
		{5DA6DE08-2144-4F4B-9756-76DB98C05951}.Release|Any CPU.ActiveCfg = Release|Any CPU
		{5DA6DE08-2144-4F4B-9756-76DB98C05951}.Release|Any CPU.Build.0 = Release|Any CPU
		{5DA6DE08-2144-4F4B-9756-76DB98C05951}.Release|Mixed Platforms.ActiveCfg = Release|Any CPU
		{5DA6DE08-2144-4F4B-9756-76DB98C05951}.Release|Mixed Platforms.Build.0 = Release|Any CPU
		{5DA6DE08-2144-4F4B-9756-76DB98C05951}.Release|x86.ActiveCfg = Release|Any CPU
		{D66E6030-2FA2-4845-9D9E-DAFB9C6BD115}.Debug|Any CPU.ActiveCfg = Debug|Any CPU
		{D66E6030-2FA2-4845-9D9E-DAFB9C6BD115}.Debug|Mixed Platforms.ActiveCfg = Debug|Any CPU
		{D66E6030-2FA2-4845-9D9E-DAFB9C6BD115}.Debug|Mixed Platforms.Build.0 = Debug|Any CPU
		{D66E6030-2FA2-4845-9D9E-DAFB9C6BD115}.Debug|x86.ActiveCfg = Debug|x86
		{D66E6030-2FA2-4845-9D9E-DAFB9C6BD115}.Debug|x86.Build.0 = Debug|x86
		{D66E6030-2FA2-4845-9D9E-DAFB9C6BD115}.Release|Any CPU.ActiveCfg = Release|Any CPU
		{D66E6030-2FA2-4845-9D9E-DAFB9C6BD115}.Release|Any CPU.Build.0 = Release|Any CPU
		{D66E6030-2FA2-4845-9D9E-DAFB9C6BD115}.Release|Mixed Platforms.ActiveCfg = Release|Any CPU
		{D66E6030-2FA2-4845-9D9E-DAFB9C6BD115}.Release|Mixed Platforms.Build.0 = Release|Any CPU
		{D66E6030-2FA2-4845-9D9E-DAFB9C6BD115}.Release|x86.ActiveCfg = Release|x86
		{D66E6030-2FA2-4845-9D9E-DAFB9C6BD115}.Release|x86.Build.0 = Release|x86
		{D5AA1BD0-8E54-4E4C-8763-026D540761F5}.Debug|Any CPU.ActiveCfg = Debug|Any CPU
		{D5AA1BD0-8E54-4E4C-8763-026D540761F5}.Debug|Any CPU.Build.0 = Debug|Any CPU
		{D5AA1BD0-8E54-4E4C-8763-026D540761F5}.Debug|Mixed Platforms.ActiveCfg = Debug|Any CPU
		{D5AA1BD0-8E54-4E4C-8763-026D540761F5}.Debug|Mixed Platforms.Build.0 = Debug|Any CPU
		{D5AA1BD0-8E54-4E4C-8763-026D540761F5}.Debug|x86.ActiveCfg = Debug|Any CPU
		{D5AA1BD0-8E54-4E4C-8763-026D540761F5}.Release|Any CPU.ActiveCfg = Release|Any CPU
		{D5AA1BD0-8E54-4E4C-8763-026D540761F5}.Release|Any CPU.Build.0 = Release|Any CPU
		{D5AA1BD0-8E54-4E4C-8763-026D540761F5}.Release|Mixed Platforms.ActiveCfg = Release|Any CPU
		{D5AA1BD0-8E54-4E4C-8763-026D540761F5}.Release|Mixed Platforms.Build.0 = Release|Any CPU
		{D5AA1BD0-8E54-4E4C-8763-026D540761F5}.Release|x86.ActiveCfg = Release|Any CPU
		{FCAB09E5-7D97-4617-BDDB-B9C0CEE4075F}.Debug|Any CPU.ActiveCfg = Debug|Any CPU
		{FCAB09E5-7D97-4617-BDDB-B9C0CEE4075F}.Debug|Any CPU.Build.0 = Debug|Any CPU
		{FCAB09E5-7D97-4617-BDDB-B9C0CEE4075F}.Debug|Mixed Platforms.ActiveCfg = Debug|Any CPU
		{FCAB09E5-7D97-4617-BDDB-B9C0CEE4075F}.Debug|Mixed Platforms.Build.0 = Debug|Any CPU
		{FCAB09E5-7D97-4617-BDDB-B9C0CEE4075F}.Debug|x86.ActiveCfg = Debug|Any CPU
		{FCAB09E5-7D97-4617-BDDB-B9C0CEE4075F}.Release|Any CPU.ActiveCfg = Release|Any CPU
		{FCAB09E5-7D97-4617-BDDB-B9C0CEE4075F}.Release|Any CPU.Build.0 = Release|Any CPU
		{FCAB09E5-7D97-4617-BDDB-B9C0CEE4075F}.Release|Mixed Platforms.ActiveCfg = Release|Any CPU
		{FCAB09E5-7D97-4617-BDDB-B9C0CEE4075F}.Release|Mixed Platforms.Build.0 = Release|Any CPU
		{FCAB09E5-7D97-4617-BDDB-B9C0CEE4075F}.Release|x86.ActiveCfg = Release|Any CPU
		{9303FF9C-E607-49F3-B075-70D4CB09C12A}.Debug|Any CPU.ActiveCfg = Debug|Any CPU
		{9303FF9C-E607-49F3-B075-70D4CB09C12A}.Debug|Any CPU.Build.0 = Debug|Any CPU
		{9303FF9C-E607-49F3-B075-70D4CB09C12A}.Debug|Mixed Platforms.ActiveCfg = Debug|Any CPU
		{9303FF9C-E607-49F3-B075-70D4CB09C12A}.Debug|Mixed Platforms.Build.0 = Debug|Any CPU
		{9303FF9C-E607-49F3-B075-70D4CB09C12A}.Debug|x86.ActiveCfg = Debug|Any CPU
		{9303FF9C-E607-49F3-B075-70D4CB09C12A}.Release|Any CPU.ActiveCfg = Release|Any CPU
		{9303FF9C-E607-49F3-B075-70D4CB09C12A}.Release|Any CPU.Build.0 = Release|Any CPU
		{9303FF9C-E607-49F3-B075-70D4CB09C12A}.Release|Mixed Platforms.ActiveCfg = Release|Any CPU
		{9303FF9C-E607-49F3-B075-70D4CB09C12A}.Release|Mixed Platforms.Build.0 = Release|Any CPU
		{9303FF9C-E607-49F3-B075-70D4CB09C12A}.Release|x86.ActiveCfg = Release|Any CPU
		{EFDB3AA4-99D7-4E00-8CD0-D757A072C254}.Debug|Any CPU.ActiveCfg = Debug|Any CPU
		{EFDB3AA4-99D7-4E00-8CD0-D757A072C254}.Debug|Any CPU.Build.0 = Debug|Any CPU
		{EFDB3AA4-99D7-4E00-8CD0-D757A072C254}.Debug|Mixed Platforms.ActiveCfg = Debug|Any CPU
		{EFDB3AA4-99D7-4E00-8CD0-D757A072C254}.Debug|Mixed Platforms.Build.0 = Debug|Any CPU
		{EFDB3AA4-99D7-4E00-8CD0-D757A072C254}.Debug|x86.ActiveCfg = Debug|Any CPU
		{EFDB3AA4-99D7-4E00-8CD0-D757A072C254}.Release|Any CPU.ActiveCfg = Release|Any CPU
		{EFDB3AA4-99D7-4E00-8CD0-D757A072C254}.Release|Any CPU.Build.0 = Release|Any CPU
		{EFDB3AA4-99D7-4E00-8CD0-D757A072C254}.Release|Mixed Platforms.ActiveCfg = Release|Any CPU
		{EFDB3AA4-99D7-4E00-8CD0-D757A072C254}.Release|Mixed Platforms.Build.0 = Release|Any CPU
		{EFDB3AA4-99D7-4E00-8CD0-D757A072C254}.Release|x86.ActiveCfg = Release|Any CPU
		{852892F8-CAA2-42D7-8A24-78F3891B47BA}.Debug|Any CPU.ActiveCfg = Debug|Any CPU
		{852892F8-CAA2-42D7-8A24-78F3891B47BA}.Debug|Any CPU.Build.0 = Debug|Any CPU
		{852892F8-CAA2-42D7-8A24-78F3891B47BA}.Debug|Mixed Platforms.ActiveCfg = Debug|Any CPU
		{852892F8-CAA2-42D7-8A24-78F3891B47BA}.Debug|Mixed Platforms.Build.0 = Debug|Any CPU
		{852892F8-CAA2-42D7-8A24-78F3891B47BA}.Debug|x86.ActiveCfg = Debug|Any CPU
		{852892F8-CAA2-42D7-8A24-78F3891B47BA}.Release|Any CPU.ActiveCfg = Release|Any CPU
		{852892F8-CAA2-42D7-8A24-78F3891B47BA}.Release|Any CPU.Build.0 = Release|Any CPU
		{852892F8-CAA2-42D7-8A24-78F3891B47BA}.Release|Mixed Platforms.ActiveCfg = Release|Any CPU
		{852892F8-CAA2-42D7-8A24-78F3891B47BA}.Release|Mixed Platforms.Build.0 = Release|Any CPU
		{852892F8-CAA2-42D7-8A24-78F3891B47BA}.Release|x86.ActiveCfg = Release|Any CPU
		{7BCCF701-AA9C-4681-9179-A8E4DFD966D3}.Debug|Any CPU.ActiveCfg = Debug|Any CPU
		{7BCCF701-AA9C-4681-9179-A8E4DFD966D3}.Debug|Any CPU.Build.0 = Debug|Any CPU
		{7BCCF701-AA9C-4681-9179-A8E4DFD966D3}.Debug|Mixed Platforms.ActiveCfg = Debug|Any CPU
		{7BCCF701-AA9C-4681-9179-A8E4DFD966D3}.Debug|Mixed Platforms.Build.0 = Debug|Any CPU
		{7BCCF701-AA9C-4681-9179-A8E4DFD966D3}.Debug|x86.ActiveCfg = Debug|Any CPU
		{7BCCF701-AA9C-4681-9179-A8E4DFD966D3}.Release|Any CPU.ActiveCfg = Release|Any CPU
		{7BCCF701-AA9C-4681-9179-A8E4DFD966D3}.Release|Any CPU.Build.0 = Release|Any CPU
		{7BCCF701-AA9C-4681-9179-A8E4DFD966D3}.Release|Mixed Platforms.ActiveCfg = Release|Any CPU
		{7BCCF701-AA9C-4681-9179-A8E4DFD966D3}.Release|Mixed Platforms.Build.0 = Release|Any CPU
		{7BCCF701-AA9C-4681-9179-A8E4DFD966D3}.Release|x86.ActiveCfg = Release|Any CPU
		{05B0472A-8102-4C5C-AD10-3857987E2122}.Debug|Any CPU.ActiveCfg = Debug|Any CPU
		{05B0472A-8102-4C5C-AD10-3857987E2122}.Debug|Any CPU.Build.0 = Debug|Any CPU
		{05B0472A-8102-4C5C-AD10-3857987E2122}.Debug|Mixed Platforms.ActiveCfg = Debug|Any CPU
		{05B0472A-8102-4C5C-AD10-3857987E2122}.Debug|Mixed Platforms.Build.0 = Debug|Any CPU
		{05B0472A-8102-4C5C-AD10-3857987E2122}.Debug|x86.ActiveCfg = Debug|Any CPU
		{05B0472A-8102-4C5C-AD10-3857987E2122}.Release|Any CPU.ActiveCfg = Release|Any CPU
		{05B0472A-8102-4C5C-AD10-3857987E2122}.Release|Any CPU.Build.0 = Release|Any CPU
		{05B0472A-8102-4C5C-AD10-3857987E2122}.Release|Mixed Platforms.ActiveCfg = Release|Any CPU
		{05B0472A-8102-4C5C-AD10-3857987E2122}.Release|Mixed Platforms.Build.0 = Release|Any CPU
		{05B0472A-8102-4C5C-AD10-3857987E2122}.Release|x86.ActiveCfg = Release|Any CPU
		{9786A307-C2BC-4E9D-B955-9D6949BCB6A7}.Debug|Any CPU.ActiveCfg = Debug|Any CPU
		{9786A307-C2BC-4E9D-B955-9D6949BCB6A7}.Debug|Any CPU.Build.0 = Debug|Any CPU
		{9786A307-C2BC-4E9D-B955-9D6949BCB6A7}.Debug|Mixed Platforms.ActiveCfg = Debug|Any CPU
		{9786A307-C2BC-4E9D-B955-9D6949BCB6A7}.Debug|Mixed Platforms.Build.0 = Debug|Any CPU
		{9786A307-C2BC-4E9D-B955-9D6949BCB6A7}.Debug|x86.ActiveCfg = Debug|Any CPU
		{9786A307-C2BC-4E9D-B955-9D6949BCB6A7}.Release|Any CPU.ActiveCfg = Release|Any CPU
		{9786A307-C2BC-4E9D-B955-9D6949BCB6A7}.Release|Any CPU.Build.0 = Release|Any CPU
		{9786A307-C2BC-4E9D-B955-9D6949BCB6A7}.Release|Mixed Platforms.ActiveCfg = Release|Any CPU
		{9786A307-C2BC-4E9D-B955-9D6949BCB6A7}.Release|Mixed Platforms.Build.0 = Release|Any CPU
		{9786A307-C2BC-4E9D-B955-9D6949BCB6A7}.Release|x86.ActiveCfg = Release|Any CPU
		{E6177099-19C0-4694-819F-322D013D73E2}.Debug|Any CPU.ActiveCfg = Debug|Any CPU
		{E6177099-19C0-4694-819F-322D013D73E2}.Debug|Any CPU.Build.0 = Debug|Any CPU
		{E6177099-19C0-4694-819F-322D013D73E2}.Debug|Mixed Platforms.ActiveCfg = Debug|Any CPU
		{E6177099-19C0-4694-819F-322D013D73E2}.Debug|Mixed Platforms.Build.0 = Debug|Any CPU
		{E6177099-19C0-4694-819F-322D013D73E2}.Debug|x86.ActiveCfg = Debug|Any CPU
		{E6177099-19C0-4694-819F-322D013D73E2}.Release|Any CPU.ActiveCfg = Release|Any CPU
		{E6177099-19C0-4694-819F-322D013D73E2}.Release|Any CPU.Build.0 = Release|Any CPU
		{E6177099-19C0-4694-819F-322D013D73E2}.Release|Mixed Platforms.ActiveCfg = Release|Any CPU
		{E6177099-19C0-4694-819F-322D013D73E2}.Release|Mixed Platforms.Build.0 = Release|Any CPU
		{E6177099-19C0-4694-819F-322D013D73E2}.Release|x86.ActiveCfg = Release|Any CPU
		{A7956BDD-99E5-4E19-9626-0203544434D1}.Debug|Any CPU.ActiveCfg = Debug|Any CPU
		{A7956BDD-99E5-4E19-9626-0203544434D1}.Debug|Any CPU.Build.0 = Debug|Any CPU
		{A7956BDD-99E5-4E19-9626-0203544434D1}.Debug|Mixed Platforms.ActiveCfg = Debug|Any CPU
		{A7956BDD-99E5-4E19-9626-0203544434D1}.Debug|Mixed Platforms.Build.0 = Debug|Any CPU
		{A7956BDD-99E5-4E19-9626-0203544434D1}.Debug|x86.ActiveCfg = Debug|Any CPU
		{A7956BDD-99E5-4E19-9626-0203544434D1}.Release|Any CPU.ActiveCfg = Release|Any CPU
		{A7956BDD-99E5-4E19-9626-0203544434D1}.Release|Any CPU.Build.0 = Release|Any CPU
		{A7956BDD-99E5-4E19-9626-0203544434D1}.Release|Mixed Platforms.ActiveCfg = Release|Any CPU
		{A7956BDD-99E5-4E19-9626-0203544434D1}.Release|Mixed Platforms.Build.0 = Release|Any CPU
		{A7956BDD-99E5-4E19-9626-0203544434D1}.Release|x86.ActiveCfg = Release|Any CPU
		{B00DBC21-FA37-4B75-BF07-713B378D0866}.Debug|Any CPU.ActiveCfg = Debug|Any CPU
		{B00DBC21-FA37-4B75-BF07-713B378D0866}.Debug|Any CPU.Build.0 = Debug|Any CPU
		{B00DBC21-FA37-4B75-BF07-713B378D0866}.Debug|Mixed Platforms.ActiveCfg = Debug|Any CPU
		{B00DBC21-FA37-4B75-BF07-713B378D0866}.Debug|Mixed Platforms.Build.0 = Debug|Any CPU
		{B00DBC21-FA37-4B75-BF07-713B378D0866}.Debug|x86.ActiveCfg = Debug|Any CPU
		{B00DBC21-FA37-4B75-BF07-713B378D0866}.Release|Any CPU.ActiveCfg = Release|Any CPU
		{B00DBC21-FA37-4B75-BF07-713B378D0866}.Release|Any CPU.Build.0 = Release|Any CPU
		{B00DBC21-FA37-4B75-BF07-713B378D0866}.Release|Mixed Platforms.ActiveCfg = Release|Any CPU
		{B00DBC21-FA37-4B75-BF07-713B378D0866}.Release|Mixed Platforms.Build.0 = Release|Any CPU
		{B00DBC21-FA37-4B75-BF07-713B378D0866}.Release|x86.ActiveCfg = Release|Any CPU
		{FD132C78-2EE9-44DE-966F-519CC8AB40A5}.Debug|Any CPU.ActiveCfg = Debug|Any CPU
		{FD132C78-2EE9-44DE-966F-519CC8AB40A5}.Debug|Any CPU.Build.0 = Debug|Any CPU
		{FD132C78-2EE9-44DE-966F-519CC8AB40A5}.Debug|Mixed Platforms.ActiveCfg = Debug|Any CPU
		{FD132C78-2EE9-44DE-966F-519CC8AB40A5}.Debug|Mixed Platforms.Build.0 = Debug|Any CPU
		{FD132C78-2EE9-44DE-966F-519CC8AB40A5}.Debug|x86.ActiveCfg = Debug|Any CPU
		{FD132C78-2EE9-44DE-966F-519CC8AB40A5}.Release|Any CPU.ActiveCfg = Release|Any CPU
		{FD132C78-2EE9-44DE-966F-519CC8AB40A5}.Release|Any CPU.Build.0 = Release|Any CPU
		{FD132C78-2EE9-44DE-966F-519CC8AB40A5}.Release|Mixed Platforms.ActiveCfg = Release|Any CPU
		{FD132C78-2EE9-44DE-966F-519CC8AB40A5}.Release|Mixed Platforms.Build.0 = Release|Any CPU
		{FD132C78-2EE9-44DE-966F-519CC8AB40A5}.Release|x86.ActiveCfg = Release|Any CPU
		{62B5655F-6E9A-4888-9FC6-22BE695BB5FF}.Debug|Any CPU.ActiveCfg = Debug|Any CPU
		{62B5655F-6E9A-4888-9FC6-22BE695BB5FF}.Debug|Any CPU.Build.0 = Debug|Any CPU
		{62B5655F-6E9A-4888-9FC6-22BE695BB5FF}.Debug|Mixed Platforms.ActiveCfg = Debug|Any CPU
		{62B5655F-6E9A-4888-9FC6-22BE695BB5FF}.Debug|Mixed Platforms.Build.0 = Debug|Any CPU
		{62B5655F-6E9A-4888-9FC6-22BE695BB5FF}.Debug|x86.ActiveCfg = Debug|Any CPU
		{62B5655F-6E9A-4888-9FC6-22BE695BB5FF}.Release|Any CPU.ActiveCfg = Release|Any CPU
		{62B5655F-6E9A-4888-9FC6-22BE695BB5FF}.Release|Any CPU.Build.0 = Release|Any CPU
		{62B5655F-6E9A-4888-9FC6-22BE695BB5FF}.Release|Mixed Platforms.ActiveCfg = Release|Any CPU
		{62B5655F-6E9A-4888-9FC6-22BE695BB5FF}.Release|Mixed Platforms.Build.0 = Release|Any CPU
		{62B5655F-6E9A-4888-9FC6-22BE695BB5FF}.Release|x86.ActiveCfg = Release|Any CPU
	EndGlobalSection
	GlobalSection(SolutionProperties) = preSolution
		HideSolutionNode = FALSE
	EndGlobalSection
	GlobalSection(NestedProjects) = preSolution
		{FDEA7E3D-818B-43B5-88EF-3048AAA54269} = {22F2B4BF-1911-49F3-B95D-5DDF9085EB65}
		{D5AA1BD0-8E54-4E4C-8763-026D540761F5} = {22F2B4BF-1911-49F3-B95D-5DDF9085EB65}
		{FCAB09E5-7D97-4617-BDDB-B9C0CEE4075F} = {22F2B4BF-1911-49F3-B95D-5DDF9085EB65}
		{D7F9CBE9-6B0E-4304-99A6-4BABD4CA9C99} = {AA48A0DF-8F6C-41E5-A5CC-BC502C8D0FF5}
		{D66E6030-2FA2-4845-9D9E-DAFB9C6BD115} = {AA48A0DF-8F6C-41E5-A5CC-BC502C8D0FF5}
		{51E7E82B-809E-4822-A938-F0249F7B4E0D} = {B41A61AA-9F9B-4A22-A6CD-9689F1C84ACB}
		{784A0A7E-4DF5-44C5-919E-B21C3A3966CA} = {751E87C5-0FF0-48F3-9B5B-5688718F5A8D}
		{9303FF9C-E607-49F3-B075-70D4CB09C12A} = {751E87C5-0FF0-48F3-9B5B-5688718F5A8D}
		{852892F8-CAA2-42D7-8A24-78F3891B47BA} = {751E87C5-0FF0-48F3-9B5B-5688718F5A8D}
		{A7956BDD-99E5-4E19-9626-0203544434D1} = {751E87C5-0FF0-48F3-9B5B-5688718F5A8D}
		{B00DBC21-FA37-4B75-BF07-713B378D0866} = {751E87C5-0FF0-48F3-9B5B-5688718F5A8D}
		{FD132C78-2EE9-44DE-966F-519CC8AB40A5} = {751E87C5-0FF0-48F3-9B5B-5688718F5A8D}
		{62B5655F-6E9A-4888-9FC6-22BE695BB5FF} = {751E87C5-0FF0-48F3-9B5B-5688718F5A8D}
		{810ECA9C-A320-48C2-9322-7808D607A566} = {ADDA079A-71B5-4669-8C8A-921315EC781B}
		{EFDB3AA4-99D7-4E00-8CD0-D757A072C254} = {ADDA079A-71B5-4669-8C8A-921315EC781B}
		{7BCCF701-AA9C-4681-9179-A8E4DFD966D3} = {ADDA079A-71B5-4669-8C8A-921315EC781B}
		{9786A307-C2BC-4E9D-B955-9D6949BCB6A7} = {ADDA079A-71B5-4669-8C8A-921315EC781B}
		{E6177099-19C0-4694-819F-322D013D73E2} = {ADDA079A-71B5-4669-8C8A-921315EC781B}
		{52657CBD-A839-4585-85E0-CB0706282757} = {0514CD71-10E0-4E42-8F84-C764E7D588E9}
		{05B0472A-8102-4C5C-AD10-3857987E2122} = {0514CD71-10E0-4E42-8F84-C764E7D588E9}
		{A500E0BD-D70B-4AEA-B3D9-67DB25F4F899} = {C868B843-103B-4626-8F51-F2DF24B058E7}
		{805B213B-EFCF-4317-9EEF-7CAC0BAE9F40} = {C868B843-103B-4626-8F51-F2DF24B058E7}
		{5DA6DE08-2144-4F4B-9756-76DB98C05951} = {29B5540A-C3D1-4639-A26E-C3CD2FC20659}
	EndGlobalSection
EndGlobal
